PODS:
  - BCUserTrack (5.1.0.9):
    - UTDID
  - Bugly (2.4.2)
  - IQKeyboardManager (4.0.8)
  - SecurityGuardSDK (5.1.94)
  - SGMain (5.1.94):
    - SecurityGuardSDK (= 5.1.94)
  - TWMessageBarManager (1.8.1)
  - UMengAnalytics (4.1.8)
  - UTDID (1.1.0.16)
  - YWFeedbackFMWK (2.0.3.1):
    - BCUserTrack
    - SecurityGuardSDK
    - SGMain

DEPENDENCIES:
  - Bugly
  - IQKeyboardManager
  - TWMessageBarManager
  - UMengAnalytics
  - YWFeedbackFMWK (~> 2.0.3.1)

SPEC CHECKSUMS:
  BCUserTrack: 684f468b8143be7a2ed10a8c449fd959b2a3a099
  Bugly: b09cd3c7e54048a0e079be88a7a99610f14eab8f
  IQKeyboardManager: 63d284b5bfe71c5639ccf6679dc2cb2a1a8f530e
  SecurityGuardSDK: 05f6d782189160f2b23b731eed5cb314ce584855
  SGMain: 8a3008d8a709259d4868f78ae3265659e58e4416
  TWMessageBarManager: fe06c116f8e9c636f419fe7a52d62f2a7e2c5b25
  UMengAnalytics: 6ef66c49bea0779d2ce02a72d862510d97619a7a
  UTDID: c28855683c5ea2e77e597cb14609328f7d470d6e
  YWFeedbackFMWK: dcf0f60a24099f9a35d3445ae9ef79f3633ef9f6

PODFILE CHECKSUM: d13548b20503e450a51996cc45084e07206bd743

COCOAPODS: 1.1.1
